
Microsoft Visual Studio Solution File, Format Version 12.00
# Visual Studio Version 16
VisualStudioVersion = 16.0.31105.61
MinimumVisualStudioVersion = 10.0.40219.1
Project("{2150E333-8FDC-42A3-9474-1A3956D46DE8}") = "Services", "Services", "{BF146747-B189-4B4B-AA7A-934668E90317}"
EndProject
Project("{2150E333-8FDC-42A3-9474-1A3956D46DE8}") = "Catalog", "Catalog", "{4F597980-E527-4BAF-96B3-86054875FFA1}"
EndProject
Project("{FAE04EC0-301F-11D3-BF4B-00C04F79EFBC}") = "Catalog.API", "Services\Catalog\Catalog.API\Catalog.API.csproj", "{5F9EDEFF-FF53-476C-8891-DE5F6EE026B2}"
EndProject
Global
	GlobalSection(SolutionConfigurationPlatforms) = preSolution
		Debug|Any CPU = Debug|Any CPU
		Release|Any CPU = Release|Any CPU
	EndGlobalSection
	GlobalSection(ProjectConfigurationPlatforms) = postSolution
		{5F9EDEFF-FF53-476C-8891-DE5F6EE026B2}.Debug|Any CPU.ActiveCfg = Debug|Any CPU
		{5F9EDEFF-FF53-476C-8891-DE5F6EE026B2}.Debug|Any CPU.Build.0 = Debug|Any CPU
		{5F9EDEFF-FF53-476C-8891-DE5F6EE026B2}.Release|Any CPU.ActiveCfg = Release|Any CPU
		{5F9EDEFF-FF53-476C-8891-DE5F6EE026B2}.Release|Any CPU.Build.0 = Release|Any CPU
	EndGlobalSection
	GlobalSection(SolutionProperties) = preSolution
		HideSolutionNode = FALSE
	EndGlobalSection
	GlobalSection(NestedProjects) = preSolution
		{4F597980-E527-4BAF-96B3-86054875FFA1} = {BF146747-B189-4B4B-AA7A-934668E90317}
		{5F9EDEFF-FF53-476C-8891-DE5F6EE026B2} = {4F597980-E527-4BAF-96B3-86054875FFA1}
	EndGlobalSection
	GlobalSection(ExtensibilityGlobals) = postSolution
		SolutionGuid = {F6547499-5BFF-4BEA-85A2-8F7DA6DF98EE}
	EndGlobalSection
EndGlobal
