
Microsoft Visual Studio Solution File, Format Version 12.00
# Visual Studio Version 16
VisualStudioVersion = 16.0.31105.61
MinimumVisualStudioVersion = 10.0.40219.1
Project("{2150E333-8FDC-42A3-9474-1A3956D46DE8}") = "Services", "Services", "{BF146747-B189-4B4B-AA7A-934668E90317}"
EndProject
Project("{2150E333-8FDC-42A3-9474-1A3956D46DE8}") = "Catalog", "Catalog", "{4F597980-E527-4BAF-96B3-86054875FFA1}"
EndProject
Project("{9A19103F-16F7-4668-BE54-9A1E7A4F7556}") = "Catalog.API", "Services\Catalog\Catalog.API\Catalog.API.csproj", "{5F9EDEFF-FF53-476C-8891-DE5F6EE026B2}"
EndProject
Project("{E53339B2-1760-4266-BCC7-CA923CBCF16C}") = "docker-compose", "docker-compose.dcproj", "{F1644F11-CD89-426B-A9F9-C44BAEF09388}"
EndProject
Project("{2150E333-8FDC-42A3-9474-1A3956D46DE8}") = "Basket", "Basket", "{FBA0414E-6967-4D7C-9C56-186A902E5FCC}"
EndProject
Project("{9A19103F-16F7-4668-BE54-9A1E7A4F7556}") = "Basket.API", "Services\Basket\Basket.API\Basket.API.csproj", "{F186EAF0-F7D3-47A3-92EF-D6FA10CA8339}"
EndProject
Project("{2150E333-8FDC-42A3-9474-1A3956D46DE8}") = "Discount", "Discount", "{8C8740E7-0391-4B9E-A2C0-B203460224D9}"
EndProject
Project("{FAE04EC0-301F-11D3-BF4B-00C04F79EFBC}") = "Discount.API", "Services\Discount\Discount.API\Discount.API.csproj", "{04F5A129-D02D-4E50-B83C-69BC5F92B235}"
EndProject
Global
	GlobalSection(SolutionConfigurationPlatforms) = preSolution
		Debug|Any CPU = Debug|Any CPU
		Release|Any CPU = Release|Any CPU
	EndGlobalSection
	GlobalSection(ProjectConfigurationPlatforms) = postSolution
		{5F9EDEFF-FF53-476C-8891-DE5F6EE026B2}.Debug|Any CPU.ActiveCfg = Debug|Any CPU
		{5F9EDEFF-FF53-476C-8891-DE5F6EE026B2}.Debug|Any CPU.Build.0 = Debug|Any CPU
		{5F9EDEFF-FF53-476C-8891-DE5F6EE026B2}.Release|Any CPU.ActiveCfg = Release|Any CPU
		{5F9EDEFF-FF53-476C-8891-DE5F6EE026B2}.Release|Any CPU.Build.0 = Release|Any CPU
		{F1644F11-CD89-426B-A9F9-C44BAEF09388}.Debug|Any CPU.ActiveCfg = Debug|Any CPU
		{F1644F11-CD89-426B-A9F9-C44BAEF09388}.Debug|Any CPU.Build.0 = Debug|Any CPU
		{F1644F11-CD89-426B-A9F9-C44BAEF09388}.Release|Any CPU.ActiveCfg = Release|Any CPU
		{F1644F11-CD89-426B-A9F9-C44BAEF09388}.Release|Any CPU.Build.0 = Release|Any CPU
		{F186EAF0-F7D3-47A3-92EF-D6FA10CA8339}.Debug|Any CPU.ActiveCfg = Debug|Any CPU
		{F186EAF0-F7D3-47A3-92EF-D6FA10CA8339}.Debug|Any CPU.Build.0 = Debug|Any CPU
		{F186EAF0-F7D3-47A3-92EF-D6FA10CA8339}.Release|Any CPU.ActiveCfg = Release|Any CPU
		{F186EAF0-F7D3-47A3-92EF-D6FA10CA8339}.Release|Any CPU.Build.0 = Release|Any CPU
		{04F5A129-D02D-4E50-B83C-69BC5F92B235}.Debug|Any CPU.ActiveCfg = Debug|Any CPU
		{04F5A129-D02D-4E50-B83C-69BC5F92B235}.Debug|Any CPU.Build.0 = Debug|Any CPU
		{04F5A129-D02D-4E50-B83C-69BC5F92B235}.Release|Any CPU.ActiveCfg = Release|Any CPU
		{04F5A129-D02D-4E50-B83C-69BC5F92B235}.Release|Any CPU.Build.0 = Release|Any CPU
	EndGlobalSection
	GlobalSection(SolutionProperties) = preSolution
		HideSolutionNode = FALSE
	EndGlobalSection
	GlobalSection(NestedProjects) = preSolution
		{4F597980-E527-4BAF-96B3-86054875FFA1} = {BF146747-B189-4B4B-AA7A-934668E90317}
		{5F9EDEFF-FF53-476C-8891-DE5F6EE026B2} = {4F597980-E527-4BAF-96B3-86054875FFA1}
		{FBA0414E-6967-4D7C-9C56-186A902E5FCC} = {BF146747-B189-4B4B-AA7A-934668E90317}
		{F186EAF0-F7D3-47A3-92EF-D6FA10CA8339} = {FBA0414E-6967-4D7C-9C56-186A902E5FCC}
		{8C8740E7-0391-4B9E-A2C0-B203460224D9} = {BF146747-B189-4B4B-AA7A-934668E90317}
		{04F5A129-D02D-4E50-B83C-69BC5F92B235} = {8C8740E7-0391-4B9E-A2C0-B203460224D9}
	EndGlobalSection
	GlobalSection(ExtensibilityGlobals) = postSolution
		SolutionGuid = {F6547499-5BFF-4BEA-85A2-8F7DA6DF98EE}
	EndGlobalSection
EndGlobal
